
Microsoft Visual Studio Solution File, Format Version 12.00
# Visual Studio Version 17
VisualStudioVersion = 17.8.34316.72
MinimumVisualStudioVersion = 10.0.40219.1
Project("{FAE04EC0-301F-11D3-BF4B-00C04F79EFBC}") = "IskontoHesaplamaUyg", "IskontoHesaplamaUyg\IskontoHesaplamaUyg.csproj", "{155CD168-2C09-44FC-880B-3BED9173921E}"
EndProject
Global
	GlobalSection(SolutionConfigurationPlatforms) = preSolution
		Debug|Any CPU = Debug|Any CPU
		Release|Any CPU = Release|Any CPU
	EndGlobalSection
	GlobalSection(ProjectConfigurationPlatforms) = postSolution
		{155CD168-2C09-44FC-880B-3BED9173921E}.Debug|Any CPU.ActiveCfg = Debug|Any CPU
		{155CD168-2C09-44FC-880B-3BED9173921E}.Debug|Any CPU.Build.0 = Debug|Any CPU
		{155CD168-2C09-44FC-880B-3BED9173921E}.Release|Any CPU.ActiveCfg = Release|Any CPU
		{155CD168-2C09-44FC-880B-3BED9173921E}.Release|Any CPU.Build.0 = Release|Any CPU
	EndGlobalSection
	GlobalSection(SolutionProperties) = preSolution
		HideSolutionNode = FALSE
	EndGlobalSection
	GlobalSection(ExtensibilityGlobals) = postSolution
		SolutionGuid = {6A477712-6E2F-4A46-A8AF-ED4E514B2971}
	EndGlobalSection
EndGlobal
